
Microsoft Visual Studio Solution File, Format Version 12.00
# Visual Studio Version 17
VisualStudioVersion = 17.3.32819.101
MinimumVisualStudioVersion = 10.0.40219.1
Project("{FAE04EC0-301F-11D3-BF4B-00C04F79EFBC}") = "FTPFileApp", "FTPFileApp.csproj", "{D899E294-C3F8-4D6D-B139-4DF004C54E14}"
EndProject
Global
	GlobalSection(SolutionConfigurationPlatforms) = preSolution
		Debug|Any CPU = Debug|Any CPU
		Release|Any CPU = Release|Any CPU
	EndGlobalSection
	GlobalSection(ProjectConfigurationPlatforms) = postSolution
		{D899E294-C3F8-4D6D-B139-4DF004C54E14}.Debug|Any CPU.ActiveCfg = Debug|Any CPU
		{D899E294-C3F8-4D6D-B139-4DF004C54E14}.Debug|Any CPU.Build.0 = Debug|Any CPU
		{D899E294-C3F8-4D6D-B139-4DF004C54E14}.Release|Any CPU.ActiveCfg = Release|Any CPU
		{D899E294-C3F8-4D6D-B139-4DF004C54E14}.Release|Any CPU.Build.0 = Release|Any CPU
	EndGlobalSection
	GlobalSection(SolutionProperties) = preSolution
		HideSolutionNode = FALSE
	EndGlobalSection
	GlobalSection(ExtensibilityGlobals) = postSolution
		SolutionGuid = {5B9860CD-B9F6-4749-AA22-72688179B356}
	EndGlobalSection
EndGlobal
